
Microsoft Visual Studio Solution File, Format Version 12.00
# Visual Studio Version 17
VisualStudioVersion = 17.5.002.0
MinimumVisualStudioVersion = 10.0.40219.1
Project("{9A19103F-16F7-4668-BE54-9A1E7A4F7556}") = "WebServer", "WebServer.csproj", "{DF75E5AE-9A49-4F4C-994C-F1642D4D1D50}"
EndProject
Global
	GlobalSection(SolutionConfigurationPlatforms) = preSolution
		Debug|Any CPU = Debug|Any CPU
		Release|Any CPU = Release|Any CPU
	EndGlobalSection
	GlobalSection(ProjectConfigurationPlatforms) = postSolution
		{DF75E5AE-9A49-4F4C-994C-F1642D4D1D50}.Debug|Any CPU.ActiveCfg = Debug|Any CPU
		{DF75E5AE-9A49-4F4C-994C-F1642D4D1D50}.Debug|Any CPU.Build.0 = Debug|Any CPU
		{DF75E5AE-9A49-4F4C-994C-F1642D4D1D50}.Release|Any CPU.ActiveCfg = Release|Any CPU
		{DF75E5AE-9A49-4F4C-994C-F1642D4D1D50}.Release|Any CPU.Build.0 = Release|Any CPU
	EndGlobalSection
	GlobalSection(SolutionProperties) = preSolution
		HideSolutionNode = FALSE
	EndGlobalSection
	GlobalSection(ExtensibilityGlobals) = postSolution
		SolutionGuid = {D1790A6B-21F6-4D79-9501-C3BE609A0342}
	EndGlobalSection
EndGlobal
